
Microsoft Visual Studio Solution File, Format Version 12.00
# Visual Studio Version 17
VisualStudioVersion = 17.0.31903.59
MinimumVisualStudioVersion = 10.0.40219.1
Project("{FAE04EC0-301F-11D3-BF4B-00C04F79EFBC}") = "CreateUserInAD", "CreateUserInAD\CreateUserInAD.csproj", "{A75412AD-84FD-4E4C-9177-6A743E837CDD}"
EndProject
Global
	GlobalSection(SolutionConfigurationPlatforms) = preSolution
		Debug|Any CPU = Debug|Any CPU
		Release|Any CPU = Release|Any CPU
	EndGlobalSection
	GlobalSection(ProjectConfigurationPlatforms) = postSolution
		{A75412AD-84FD-4E4C-9177-6A743E837CDD}.Debug|Any CPU.ActiveCfg = Debug|Any CPU
		{A75412AD-84FD-4E4C-9177-6A743E837CDD}.Debug|Any CPU.Build.0 = Debug|Any CPU
		{A75412AD-84FD-4E4C-9177-6A743E837CDD}.Release|Any CPU.ActiveCfg = Release|Any CPU
		{A75412AD-84FD-4E4C-9177-6A743E837CDD}.Release|Any CPU.Build.0 = Release|Any CPU
	EndGlobalSection
	GlobalSection(SolutionProperties) = preSolution
		HideSolutionNode = FALSE
	EndGlobalSection
	GlobalSection(ExtensibilityGlobals) = postSolution
		SolutionGuid = {1BF8306C-845C-43EC-A34C-B939DF536F67}
	EndGlobalSection
EndGlobal
